
Microsoft Visual Studio Solution File, Format Version 12.00
# Visual Studio Version 17
VisualStudioVersion = 17.7.34031.279
MinimumVisualStudioVersion = 10.0.40219.1
Project("{FAE04EC0-301F-11D3-BF4B-00C04F79EFBC}") = "AMIAR_TP1_EX5", "AMIAR_TP1_EX5.csproj", "{D0A652B3-7BA9-4BB1-9436-7EB00F438E13}"
EndProject
Global
	GlobalSection(SolutionConfigurationPlatforms) = preSolution
		Debug|Any CPU = Debug|Any CPU
		Release|Any CPU = Release|Any CPU
	EndGlobalSection
	GlobalSection(ProjectConfigurationPlatforms) = postSolution
		{D0A652B3-7BA9-4BB1-9436-7EB00F438E13}.Debug|Any CPU.ActiveCfg = Debug|Any CPU
		{D0A652B3-7BA9-4BB1-9436-7EB00F438E13}.Debug|Any CPU.Build.0 = Debug|Any CPU
		{D0A652B3-7BA9-4BB1-9436-7EB00F438E13}.Release|Any CPU.ActiveCfg = Release|Any CPU
		{D0A652B3-7BA9-4BB1-9436-7EB00F438E13}.Release|Any CPU.Build.0 = Release|Any CPU
	EndGlobalSection
	GlobalSection(SolutionProperties) = preSolution
		HideSolutionNode = FALSE
	EndGlobalSection
	GlobalSection(ExtensibilityGlobals) = postSolution
		SolutionGuid = {FB1A6DD5-C4BA-4488-A38A-D6E553BB12FF}
	EndGlobalSection
EndGlobal
